
Microsoft Visual Studio Solution File, Format Version 12.00
Project("{FAE04EC0-301F-11D3-BF4B-00C04F79EFBC}") = "MoYobuV2", "MoYobuV2\MoYobuV2\MoYobuV2.csproj", "{3B7B6F43-6C61-4242-ABD9-E90FA8350B7D}"
EndProject
Project("{FAE04EC0-301F-11D3-BF4B-00C04F79EFBC}") = "MoYobuV2.Android", "MoYobuV2\MoYobuV2.Android\MoYobuV2.Android.csproj", "{619C67F4-17A7-44CC-BD20-958ABB864E0A}"
EndProject
Project("{FAE04EC0-301F-11D3-BF4B-00C04F79EFBC}") = "MoYobuV2.iOS", "MoYobuV2\MoYobuV2.iOS\MoYobuV2.iOS.csproj", "{984A12D0-B31D-4EC2-97AA-FDD1011EB47C}"
EndProject
Project("{FAE04EC0-301F-11D3-BF4B-00C04F79EFBC}") = "MangaDex.Client", "MangaDex\MangaDex.Client\MangaDex.Client.csproj", "{EA240118-F5BD-409F-A344-6483D01B2AA8}"
EndProject
Project("{FAE04EC0-301F-11D3-BF4B-00C04F79EFBC}") = "MangaDex.Test", "MangaDex\MangaDex.Test\MangaDex.Test.csproj", "{4F070F0A-57CB-4C94-868E-DB8B34DFE849}"
EndProject
Project("{FAE04EC0-301F-11D3-BF4B-00C04F79EFBC}") = "AuxiliaryAlgorithms", "AuxiliaryAlgorithms\AuxiliaryAlgorithms.csproj", "{3F2D21AC-3E41-4BD7-8FE0-244B02D02CFA}"
EndProject
Global
	GlobalSection(SolutionConfigurationPlatforms) = preSolution
		Ad-Hoc|iPhone = Ad-Hoc|iPhone
		AppStore|iPhone = AppStore|iPhone
		Debug|Any CPU = Debug|Any CPU
		Debug|iPhone = Debug|iPhone
		Debug|iPhoneSimulator = Debug|iPhoneSimulator
		Release|Any CPU = Release|Any CPU
		Release|iPhone = Release|iPhone
		Release|iPhoneSimulator = Release|iPhoneSimulator
	EndGlobalSection
	GlobalSection(ProjectConfigurationPlatforms) = postSolution
		{3B7B6F43-6C61-4242-ABD9-E90FA8350B7D}.Ad-Hoc|iPhone.ActiveCfg = Debug|Any CPU
		{3B7B6F43-6C61-4242-ABD9-E90FA8350B7D}.Ad-Hoc|iPhone.Build.0 = Debug|Any CPU
		{3B7B6F43-6C61-4242-ABD9-E90FA8350B7D}.AppStore|iPhone.ActiveCfg = Debug|Any CPU
		{3B7B6F43-6C61-4242-ABD9-E90FA8350B7D}.AppStore|iPhone.Build.0 = Debug|Any CPU
		{3B7B6F43-6C61-4242-ABD9-E90FA8350B7D}.Debug|Any CPU.ActiveCfg = Debug|Any CPU
		{3B7B6F43-6C61-4242-ABD9-E90FA8350B7D}.Debug|Any CPU.Build.0 = Debug|Any CPU
		{3B7B6F43-6C61-4242-ABD9-E90FA8350B7D}.Debug|iPhone.ActiveCfg = Debug|Any CPU
		{3B7B6F43-6C61-4242-ABD9-E90FA8350B7D}.Debug|iPhone.Build.0 = Debug|Any CPU
		{3B7B6F43-6C61-4242-ABD9-E90FA8350B7D}.Debug|iPhoneSimulator.ActiveCfg = Debug|Any CPU
		{3B7B6F43-6C61-4242-ABD9-E90FA8350B7D}.Debug|iPhoneSimulator.Build.0 = Debug|Any CPU
		{3B7B6F43-6C61-4242-ABD9-E90FA8350B7D}.Release|Any CPU.ActiveCfg = Release|Any CPU
		{3B7B6F43-6C61-4242-ABD9-E90FA8350B7D}.Release|Any CPU.Build.0 = Release|Any CPU
		{3B7B6F43-6C61-4242-ABD9-E90FA8350B7D}.Release|iPhone.ActiveCfg = Release|Any CPU
		{3B7B6F43-6C61-4242-ABD9-E90FA8350B7D}.Release|iPhone.Build.0 = Release|Any CPU
		{3B7B6F43-6C61-4242-ABD9-E90FA8350B7D}.Release|iPhoneSimulator.ActiveCfg = Release|Any CPU
		{3B7B6F43-6C61-4242-ABD9-E90FA8350B7D}.Release|iPhoneSimulator.Build.0 = Release|Any CPU
		{619C67F4-17A7-44CC-BD20-958ABB864E0A}.Ad-Hoc|iPhone.ActiveCfg = Debug|Any CPU
		{619C67F4-17A7-44CC-BD20-958ABB864E0A}.Ad-Hoc|iPhone.Build.0 = Debug|Any CPU
		{619C67F4-17A7-44CC-BD20-958ABB864E0A}.Ad-Hoc|iPhone.Deploy.0 = Debug|Any CPU
		{619C67F4-17A7-44CC-BD20-958ABB864E0A}.AppStore|iPhone.ActiveCfg = Debug|Any CPU
		{619C67F4-17A7-44CC-BD20-958ABB864E0A}.AppStore|iPhone.Build.0 = Debug|Any CPU
		{619C67F4-17A7-44CC-BD20-958ABB864E0A}.AppStore|iPhone.Deploy.0 = Debug|Any CPU
		{619C67F4-17A7-44CC-BD20-958ABB864E0A}.Debug|Any CPU.ActiveCfg = Debug|Any CPU
		{619C67F4-17A7-44CC-BD20-958ABB864E0A}.Debug|Any CPU.Build.0 = Debug|Any CPU
		{619C67F4-17A7-44CC-BD20-958ABB864E0A}.Debug|Any CPU.Deploy.0 = Debug|Any CPU
		{619C67F4-17A7-44CC-BD20-958ABB864E0A}.Debug|iPhone.ActiveCfg = Debug|Any CPU
		{619C67F4-17A7-44CC-BD20-958ABB864E0A}.Debug|iPhone.Build.0 = Debug|Any CPU
		{619C67F4-17A7-44CC-BD20-958ABB864E0A}.Debug|iPhone.Deploy.0 = Debug|Any CPU
		{619C67F4-17A7-44CC-BD20-958ABB864E0A}.Debug|iPhoneSimulator.ActiveCfg = Debug|Any CPU
		{619C67F4-17A7-44CC-BD20-958ABB864E0A}.Debug|iPhoneSimulator.Build.0 = Debug|Any CPU
		{619C67F4-17A7-44CC-BD20-958ABB864E0A}.Debug|iPhoneSimulator.Deploy.0 = Debug|Any CPU
		{619C67F4-17A7-44CC-BD20-958ABB864E0A}.Release|Any CPU.ActiveCfg = Release|Any CPU
		{619C67F4-17A7-44CC-BD20-958ABB864E0A}.Release|Any CPU.Build.0 = Release|Any CPU
		{619C67F4-17A7-44CC-BD20-958ABB864E0A}.Release|Any CPU.Deploy.0 = Release|Any CPU
		{619C67F4-17A7-44CC-BD20-958ABB864E0A}.Release|iPhone.ActiveCfg = Release|Any CPU
		{619C67F4-17A7-44CC-BD20-958ABB864E0A}.Release|iPhone.Build.0 = Release|Any CPU
		{619C67F4-17A7-44CC-BD20-958ABB864E0A}.Release|iPhone.Deploy.0 = Release|Any CPU
		{619C67F4-17A7-44CC-BD20-958ABB864E0A}.Release|iPhoneSimulator.ActiveCfg = Release|Any CPU
		{619C67F4-17A7-44CC-BD20-958ABB864E0A}.Release|iPhoneSimulator.Build.0 = Release|Any CPU
		{619C67F4-17A7-44CC-BD20-958ABB864E0A}.Release|iPhoneSimulator.Deploy.0 = Release|Any CPU
		{984A12D0-B31D-4EC2-97AA-FDD1011EB47C}.Ad-Hoc|iPhone.ActiveCfg = Ad-Hoc|iPhone
		{984A12D0-B31D-4EC2-97AA-FDD1011EB47C}.Ad-Hoc|iPhone.Build.0 = Ad-Hoc|iPhone
		{984A12D0-B31D-4EC2-97AA-FDD1011EB47C}.Ad-Hoc|iPhone.Deploy.0 = Ad-Hoc|iPhone
		{984A12D0-B31D-4EC2-97AA-FDD1011EB47C}.AppStore|iPhone.ActiveCfg = AppStore|iPhone
		{984A12D0-B31D-4EC2-97AA-FDD1011EB47C}.AppStore|iPhone.Build.0 = AppStore|iPhone
		{984A12D0-B31D-4EC2-97AA-FDD1011EB47C}.AppStore|iPhone.Deploy.0 = AppStore|iPhone
		{984A12D0-B31D-4EC2-97AA-FDD1011EB47C}.Debug|Any CPU.ActiveCfg = Debug|iPhoneSimulator
		{984A12D0-B31D-4EC2-97AA-FDD1011EB47C}.Debug|Any CPU.Build.0 = Debug|iPhoneSimulator
		{984A12D0-B31D-4EC2-97AA-FDD1011EB47C}.Debug|Any CPU.Deploy.0 = Debug|iPhoneSimulator
		{984A12D0-B31D-4EC2-97AA-FDD1011EB47C}.Debug|iPhone.ActiveCfg = Debug|iPhone
		{984A12D0-B31D-4EC2-97AA-FDD1011EB47C}.Debug|iPhone.Build.0 = Debug|iPhone
		{984A12D0-B31D-4EC2-97AA-FDD1011EB47C}.Debug|iPhone.Deploy.0 = Debug|iPhone
		{984A12D0-B31D-4EC2-97AA-FDD1011EB47C}.Debug|iPhoneSimulator.ActiveCfg = Debug|iPhoneSimulator
		{984A12D0-B31D-4EC2-97AA-FDD1011EB47C}.Debug|iPhoneSimulator.Build.0 = Debug|iPhoneSimulator
		{984A12D0-B31D-4EC2-97AA-FDD1011EB47C}.Debug|iPhoneSimulator.Deploy.0 = Debug|iPhoneSimulator
		{984A12D0-B31D-4EC2-97AA-FDD1011EB47C}.Release|Any CPU.ActiveCfg = Release|iPhoneSimulator
		{984A12D0-B31D-4EC2-97AA-FDD1011EB47C}.Release|Any CPU.Build.0 = Release|iPhoneSimulator
		{984A12D0-B31D-4EC2-97AA-FDD1011EB47C}.Release|Any CPU.Deploy.0 = Release|iPhoneSimulator
		{984A12D0-B31D-4EC2-97AA-FDD1011EB47C}.Release|iPhone.ActiveCfg = Release|iPhone
		{984A12D0-B31D-4EC2-97AA-FDD1011EB47C}.Release|iPhone.Build.0 = Release|iPhone
		{984A12D0-B31D-4EC2-97AA-FDD1011EB47C}.Release|iPhone.Deploy.0 = Release|iPhone
		{984A12D0-B31D-4EC2-97AA-FDD1011EB47C}.Release|iPhoneSimulator.ActiveCfg = Release|iPhoneSimulator
		{984A12D0-B31D-4EC2-97AA-FDD1011EB47C}.Release|iPhoneSimulator.Build.0 = Release|iPhoneSimulator
		{984A12D0-B31D-4EC2-97AA-FDD1011EB47C}.Release|iPhoneSimulator.Deploy.0 = Release|iPhoneSimulator
		{EA240118-F5BD-409F-A344-6483D01B2AA8}.Ad-Hoc|iPhone.ActiveCfg = Debug|Any CPU
		{EA240118-F5BD-409F-A344-6483D01B2AA8}.Ad-Hoc|iPhone.Build.0 = Debug|Any CPU
		{EA240118-F5BD-409F-A344-6483D01B2AA8}.AppStore|iPhone.ActiveCfg = Debug|Any CPU
		{EA240118-F5BD-409F-A344-6483D01B2AA8}.AppStore|iPhone.Build.0 = Debug|Any CPU
		{EA240118-F5BD-409F-A344-6483D01B2AA8}.Debug|Any CPU.ActiveCfg = Debug|Any CPU
		{EA240118-F5BD-409F-A344-6483D01B2AA8}.Debug|Any CPU.Build.0 = Debug|Any CPU
		{EA240118-F5BD-409F-A344-6483D01B2AA8}.Debug|iPhone.ActiveCfg = Debug|Any CPU
		{EA240118-F5BD-409F-A344-6483D01B2AA8}.Debug|iPhone.Build.0 = Debug|Any CPU
		{EA240118-F5BD-409F-A344-6483D01B2AA8}.Debug|iPhoneSimulator.ActiveCfg = Debug|Any CPU
		{EA240118-F5BD-409F-A344-6483D01B2AA8}.Debug|iPhoneSimulator.Build.0 = Debug|Any CPU
		{EA240118-F5BD-409F-A344-6483D01B2AA8}.Release|Any CPU.ActiveCfg = Release|Any CPU
		{EA240118-F5BD-409F-A344-6483D01B2AA8}.Release|Any CPU.Build.0 = Release|Any CPU
		{EA240118-F5BD-409F-A344-6483D01B2AA8}.Release|iPhone.ActiveCfg = Release|Any CPU
		{EA240118-F5BD-409F-A344-6483D01B2AA8}.Release|iPhone.Build.0 = Release|Any CPU
		{EA240118-F5BD-409F-A344-6483D01B2AA8}.Release|iPhoneSimulator.ActiveCfg = Release|Any CPU
		{EA240118-F5BD-409F-A344-6483D01B2AA8}.Release|iPhoneSimulator.Build.0 = Release|Any CPU
		{4F070F0A-57CB-4C94-868E-DB8B34DFE849}.Ad-Hoc|iPhone.ActiveCfg = Debug|Any CPU
		{4F070F0A-57CB-4C94-868E-DB8B34DFE849}.Ad-Hoc|iPhone.Build.0 = Debug|Any CPU
		{4F070F0A-57CB-4C94-868E-DB8B34DFE849}.AppStore|iPhone.ActiveCfg = Debug|Any CPU
		{4F070F0A-57CB-4C94-868E-DB8B34DFE849}.AppStore|iPhone.Build.0 = Debug|Any CPU
		{4F070F0A-57CB-4C94-868E-DB8B34DFE849}.Debug|Any CPU.ActiveCfg = Debug|Any CPU
		{4F070F0A-57CB-4C94-868E-DB8B34DFE849}.Debug|Any CPU.Build.0 = Debug|Any CPU
		{4F070F0A-57CB-4C94-868E-DB8B34DFE849}.Debug|iPhone.ActiveCfg = Debug|Any CPU
		{4F070F0A-57CB-4C94-868E-DB8B34DFE849}.Debug|iPhone.Build.0 = Debug|Any CPU
		{4F070F0A-57CB-4C94-868E-DB8B34DFE849}.Debug|iPhoneSimulator.ActiveCfg = Debug|Any CPU
		{4F070F0A-57CB-4C94-868E-DB8B34DFE849}.Debug|iPhoneSimulator.Build.0 = Debug|Any CPU
		{4F070F0A-57CB-4C94-868E-DB8B34DFE849}.Release|Any CPU.ActiveCfg = Release|Any CPU
		{4F070F0A-57CB-4C94-868E-DB8B34DFE849}.Release|Any CPU.Build.0 = Release|Any CPU
		{4F070F0A-57CB-4C94-868E-DB8B34DFE849}.Release|iPhone.ActiveCfg = Release|Any CPU
		{4F070F0A-57CB-4C94-868E-DB8B34DFE849}.Release|iPhone.Build.0 = Release|Any CPU
		{4F070F0A-57CB-4C94-868E-DB8B34DFE849}.Release|iPhoneSimulator.ActiveCfg = Release|Any CPU
		{4F070F0A-57CB-4C94-868E-DB8B34DFE849}.Release|iPhoneSimulator.Build.0 = Release|Any CPU
		{3F2D21AC-3E41-4BD7-8FE0-244B02D02CFA}.Ad-Hoc|iPhone.ActiveCfg = Debug|Any CPU
		{3F2D21AC-3E41-4BD7-8FE0-244B02D02CFA}.Ad-Hoc|iPhone.Build.0 = Debug|Any CPU
		{3F2D21AC-3E41-4BD7-8FE0-244B02D02CFA}.AppStore|iPhone.ActiveCfg = Debug|Any CPU
		{3F2D21AC-3E41-4BD7-8FE0-244B02D02CFA}.AppStore|iPhone.Build.0 = Debug|Any CPU
		{3F2D21AC-3E41-4BD7-8FE0-244B02D02CFA}.Debug|Any CPU.ActiveCfg = Debug|Any CPU
		{3F2D21AC-3E41-4BD7-8FE0-244B02D02CFA}.Debug|Any CPU.Build.0 = Debug|Any CPU
		{3F2D21AC-3E41-4BD7-8FE0-244B02D02CFA}.Debug|iPhone.ActiveCfg = Debug|Any CPU
		{3F2D21AC-3E41-4BD7-8FE0-244B02D02CFA}.Debug|iPhone.Build.0 = Debug|Any CPU
		{3F2D21AC-3E41-4BD7-8FE0-244B02D02CFA}.Debug|iPhoneSimulator.ActiveCfg = Debug|Any CPU
		{3F2D21AC-3E41-4BD7-8FE0-244B02D02CFA}.Debug|iPhoneSimulator.Build.0 = Debug|Any CPU
		{3F2D21AC-3E41-4BD7-8FE0-244B02D02CFA}.Release|Any CPU.ActiveCfg = Release|Any CPU
		{3F2D21AC-3E41-4BD7-8FE0-244B02D02CFA}.Release|Any CPU.Build.0 = Release|Any CPU
		{3F2D21AC-3E41-4BD7-8FE0-244B02D02CFA}.Release|iPhone.ActiveCfg = Release|Any CPU
		{3F2D21AC-3E41-4BD7-8FE0-244B02D02CFA}.Release|iPhone.Build.0 = Release|Any CPU
		{3F2D21AC-3E41-4BD7-8FE0-244B02D02CFA}.Release|iPhoneSimulator.ActiveCfg = Release|Any CPU
		{3F2D21AC-3E41-4BD7-8FE0-244B02D02CFA}.Release|iPhoneSimulator.Build.0 = Release|Any CPU
	EndGlobalSection
EndGlobal
